// !$*UTF8*$!
{
	archiveVersion = 1;
	classes = {
	};
	objectVersion = 55;
	objects = {

/* Begin PBXBuildFile section */
		2204655F290E2B9000DF96F1 /* CreateGroupViewController.swift in Sources */ = {isa = PBXBuildFile; fileRef = 2204655D290E2B9000DF96F1 /* CreateGroupViewController.swift */; };
		22046560290E2B9000DF96F1 /* CreateGroupViewController.xib in Resources */ = {isa = PBXBuildFile; fileRef = 2204655E290E2B9000DF96F1 /* CreateGroupViewController.xib */; };
		220465622910190900DF96F1 /* CreateGroupViewModel.swift in Sources */ = {isa = PBXBuildFile; fileRef = 220465612910190900DF96F1 /* CreateGroupViewModel.swift */; };
		220BB42C290CE4380029B8E5 /* FriendTableCell.swift in Sources */ = {isa = PBXBuildFile; fileRef = 220BB42A290CE4380029B8E5 /* FriendTableCell.swift */; };
		220BB42D290CE4380029B8E5 /* FriendTableCell.xib in Resources */ = {isa = PBXBuildFile; fileRef = 220BB42B290CE4380029B8E5 /* FriendTableCell.xib */; };
		223C627628DF01B000B19A64 /* LoginViewController.swift in Sources */ = {isa = PBXBuildFile; fileRef = 223C627428DF01B000B19A64 /* LoginViewController.swift */; };
		223C627728DF01B000B19A64 /* LoginViewController.xib in Resources */ = {isa = PBXBuildFile; fileRef = 223C627528DF01B000B19A64 /* LoginViewController.xib */; };
		223C627D28E02CBD00B19A64 /* HomeViewController.swift in Sources */ = {isa = PBXBuildFile; fileRef = 223C627B28E02CBD00B19A64 /* HomeViewController.swift */; };
		223C627E28E02CBD00B19A64 /* HomeViewController.xib in Resources */ = {isa = PBXBuildFile; fileRef = 223C627C28E02CBD00B19A64 /* HomeViewController.xib */; };
		223F9C13291774680076AED4 /* AddMemberViewModel.swift in Sources */ = {isa = PBXBuildFile; fileRef = 223F9C12291774680076AED4 /* AddMemberViewModel.swift */; };
		223F9C16291775390076AED4 /* AddMemberViewController.swift in Sources */ = {isa = PBXBuildFile; fileRef = 223F9C14291775390076AED4 /* AddMemberViewController.swift */; };
		223F9C17291775390076AED4 /* AddMemberViewController.xib in Resources */ = {isa = PBXBuildFile; fileRef = 223F9C15291775390076AED4 /* AddMemberViewController.xib */; };
		2246D57628E0477300E1180D /* HomeFriendsCollectionViewCell.swift in Sources */ = {isa = PBXBuildFile; fileRef = 2246D57428E0477300E1180D /* HomeFriendsCollectionViewCell.swift */; };
		2246D57728E0477300E1180D /* HomeFriendsCollectionViewCell.xib in Resources */ = {isa = PBXBuildFile; fileRef = 2246D57528E0477300E1180D /* HomeFriendsCollectionViewCell.xib */; };
		22973D7628E053D200F47C05 /* ConversationTableViewCell.swift in Sources */ = {isa = PBXBuildFile; fileRef = 22973D7428E053D200F47C05 /* ConversationTableViewCell.swift */; };
		22973D7728E053D200F47C05 /* ConversationTableViewCell.xib in Resources */ = {isa = PBXBuildFile; fileRef = 22973D7528E053D200F47C05 /* ConversationTableViewCell.xib */; };
		22973D8328F2B4CB00F47C05 /* Message.swift in Sources */ = {isa = PBXBuildFile; fileRef = 22973D8228F2B4CB00F47C05 /* Message.swift */; };
		22A55B6328DEF6DD00F936B3 /* AppDelegate.swift in Sources */ = {isa = PBXBuildFile; fileRef = 22A55B6228DEF6DD00F936B3 /* AppDelegate.swift */; };
		22A55B6528DEF6DD00F936B3 /* SceneDelegate.swift in Sources */ = {isa = PBXBuildFile; fileRef = 22A55B6428DEF6DD00F936B3 /* SceneDelegate.swift */; };
		22A55B6C28DEF6E100F936B3 /* Assets.xcassets in Resources */ = {isa = PBXBuildFile; fileRef = 22A55B6B28DEF6E100F936B3 /* Assets.xcassets */; };
		22A55B6F28DEF6E100F936B3 /* LaunchScreen.storyboard in Resources */ = {isa = PBXBuildFile; fileRef = 22A55B6D28DEF6E100F936B3 /* LaunchScreen.storyboard */; };
		22A55B7928DEF7A300F936B3 /* SignUpViewController.swift in Sources */ = {isa = PBXBuildFile; fileRef = 22A55B7728DEF7A300F936B3 /* SignUpViewController.swift */; };
		22A55B7A28DEF7A300F936B3 /* SignUpViewController.xib in Resources */ = {isa = PBXBuildFile; fileRef = 22A55B7828DEF7A300F936B3 /* SignUpViewController.xib */; };
		22BE75072917C7F300778DB8 /* GroupNotificationCell.swift in Sources */ = {isa = PBXBuildFile; fileRef = 22BE75052917C7F300778DB8 /* GroupNotificationCell.swift */; };
		22BE75082917C7F300778DB8 /* GroupNotificationCell.xib in Resources */ = {isa = PBXBuildFile; fileRef = 22BE75062917C7F300778DB8 /* GroupNotificationCell.xib */; };
		22BE750C2918052700778DB8 /* UserService.swift in Sources */ = {isa = PBXBuildFile; fileRef = 22BE750B2918052700778DB8 /* UserService.swift */; };
		22BE7510291A754E00778DB8 /* GroupManagerViewController.swift in Sources */ = {isa = PBXBuildFile; fileRef = 22BE750E291A754E00778DB8 /* GroupManagerViewController.swift */; };
		22BE7511291A754E00778DB8 /* GroupManagerViewController.xib in Resources */ = {isa = PBXBuildFile; fileRef = 22BE750F291A754E00778DB8 /* GroupManagerViewController.xib */; };
		22BE7513291A7EB900778DB8 /* GroupManagerViewModel.swift in Sources */ = {isa = PBXBuildFile; fileRef = 22BE7512291A7EB900778DB8 /* GroupManagerViewModel.swift */; };
		22BE7517291BDACF00778DB8 /* ReceiveMessageCell.swift in Sources */ = {isa = PBXBuildFile; fileRef = 22BE7515291BDACF00778DB8 /* ReceiveMessageCell.swift */; };
		22BE7518291BDACF00778DB8 /* ReceiveMessageCell.xib in Resources */ = {isa = PBXBuildFile; fileRef = 22BE7516291BDACF00778DB8 /* ReceiveMessageCell.xib */; };
		22BE7521291D007600778DB8 /* SenderMessageCell.swift in Sources */ = {isa = PBXBuildFile; fileRef = 22BE751F291D007600778DB8 /* SenderMessageCell.swift */; };
		22BE7522291D007600778DB8 /* SenderMessageCell.xib in Resources */ = {isa = PBXBuildFile; fileRef = 22BE7520291D007600778DB8 /* SenderMessageCell.xib */; };
		22C11EB02928A36D005273E0 /* ImageReceiverCell.swift in Sources */ = {isa = PBXBuildFile; fileRef = 22C11EAC2928A36D005273E0 /* ImageReceiverCell.swift */; };
		22C11EB12928A36D005273E0 /* ImageSenderCell.swift in Sources */ = {isa = PBXBuildFile; fileRef = 22C11EAD2928A36D005273E0 /* ImageSenderCell.swift */; };
		22C11EB22928A36D005273E0 /* ImageReceiverCell.xib in Resources */ = {isa = PBXBuildFile; fileRef = 22C11EAE2928A36D005273E0 /* ImageReceiverCell.xib */; };
		22C11EB32928A36D005273E0 /* ImageSenderCell.xib in Resources */ = {isa = PBXBuildFile; fileRef = 22C11EAF2928A36D005273E0 /* ImageSenderCell.xib */; };
		22C716F22902828200368D73 /* BaseService.swift in Sources */ = {isa = PBXBuildFile; fileRef = 22C716F12902828200368D73 /* BaseService.swift */; };
		22C716F42902841400368D73 /* AuthService.swift in Sources */ = {isa = PBXBuildFile; fileRef = 22C716F32902841400368D73 /* AuthService.swift */; };
		22C716F7290284AD00368D73 /* ServiceConstant.swift in Sources */ = {isa = PBXBuildFile; fileRef = 22C716F6290284AD00368D73 /* ServiceConstant.swift */; };
		22C716FC290297B300368D73 /* UserDefaults+Ext.swift in Sources */ = {isa = PBXBuildFile; fileRef = 22C716FB290297B300368D73 /* UserDefaults+Ext.swift */; };
		22C716FE290297F200368D73 /* UserInfo.swift in Sources */ = {isa = PBXBuildFile; fileRef = 22C716FD290297F200368D73 /* UserInfo.swift */; };
		22C7170029029B5F00368D73 /* ResponseMain.swift in Sources */ = {isa = PBXBuildFile; fileRef = 22C716FF29029B5F00368D73 /* ResponseMain.swift */; };
		22C7170229029F0F00368D73 /* LoginViewModel.swift in Sources */ = {isa = PBXBuildFile; fileRef = 22C7170129029F0F00368D73 /* LoginViewModel.swift */; };
		22C717082902F8FE00368D73 /* HomeViewModel.swift in Sources */ = {isa = PBXBuildFile; fileRef = 22C717072902F8FE00368D73 /* HomeViewModel.swift */; };
		22C7170A2903C72500368D73 /* SignUpViewModel.swift in Sources */ = {isa = PBXBuildFile; fileRef = 22C717092903C72500368D73 /* SignUpViewModel.swift */; };
		DCD9E3CE09658B98754D3D53 /* Pods_ChatApp.framework in Frameworks */ = {isa = PBXBuildFile; fileRef = 9DDBA3C89A558761E7455645 /* Pods_ChatApp.framework */; };
		FC811D6029349E6800D61164 /* UserInfoViewController.swift in Sources */ = {isa = PBXBuildFile; fileRef = FC811D5E29349E6800D61164 /* UserInfoViewController.swift */; };
		FC811D6129349E6800D61164 /* UserInfoViewController.xib in Resources */ = {isa = PBXBuildFile; fileRef = FC811D5F29349E6800D61164 /* UserInfoViewController.xib */; };
		FC811D632934A64800D61164 /* UserInfoViewModel.swift in Sources */ = {isa = PBXBuildFile; fileRef = FC811D622934A64800D61164 /* UserInfoViewModel.swift */; };
		FC9FCAAC292CCB0100866D99 /* ImageCache.swift in Sources */ = {isa = PBXBuildFile; fileRef = FC9FCAAB292CCB0100866D99 /* ImageCache.swift */; };
		FCB53EA9290644A200A75944 /* SocketIOManagerDefault.swift in Sources */ = {isa = PBXBuildFile; fileRef = FCB53EA8290644A200A75944 /* SocketIOManagerDefault.swift */; };
		FCB53EAB290644C100A75944 /* Managers.swift in Sources */ = {isa = PBXBuildFile; fileRef = FCB53EAA290644C100A75944 /* Managers.swift */; };
		FCB53EAD2906731C00A75944 /* ChatService.swift in Sources */ = {isa = PBXBuildFile; fileRef = FCB53EAC2906731C00A75944 /* ChatService.swift */; };
		FCB53EAF2906740500A75944 /* Chat.swift in Sources */ = {isa = PBXBuildFile; fileRef = FCB53EAE2906740500A75944 /* Chat.swift */; };
		FCB53EB12906923D00A75944 /* ChatViewModel.swift in Sources */ = {isa = PBXBuildFile; fileRef = FCB53EB02906923D00A75944 /* ChatViewModel.swift */; };
		FCC8F9FE28EF048B00930DA2 /* ChatViewController.swift in Sources */ = {isa = PBXBuildFile; fileRef = FCC8F9FC28EF048B00930DA2 /* ChatViewController.swift */; };
		FCC8F9FF28EF048B00930DA2 /* ChatViewController.xib in Resources */ = {isa = PBXBuildFile; fileRef = FCC8F9FD28EF048B00930DA2 /* ChatViewController.xib */; };
		FCDEE827292CFF48002D9D31 /* ImageReceiverGroupCell.swift in Sources */ = {isa = PBXBuildFile; fileRef = FCDEE825292CFF48002D9D31 /* ImageReceiverGroupCell.swift */; };
		FCDEE828292CFF48002D9D31 /* ImageReceiverGroupCell.xib in Resources */ = {isa = PBXBuildFile; fileRef = FCDEE826292CFF48002D9D31 /* ImageReceiverGroupCell.xib */; };
		FCDEE82F292F4665002D9D31 /* UIImage+Ext.swift in Sources */ = {isa = PBXBuildFile; fileRef = FCDEE82E292F4665002D9D31 /* UIImage+Ext.swift */; };
		FCDEE83129305F5F002D9D31 /* RegexConstants.swift in Sources */ = {isa = PBXBuildFile; fileRef = FCDEE83029305F5F002D9D31 /* RegexConstants.swift */; };
		FCFE78EB2927590000D76A50 /* ReceiveGroupMessageCell.xib in Resources */ = {isa = PBXBuildFile; fileRef = FCFE78E92927590000D76A50 /* ReceiveGroupMessageCell.xib */; };
		FCFE78EC2927590000D76A50 /* ReceiveGroupMessageCell.swift in Sources */ = {isa = PBXBuildFile; fileRef = FCFE78EA2927590000D76A50 /* ReceiveGroupMessageCell.swift */; };
		FCFE78EE29275CF700D76A50 /* String+Ext.swift in Sources */ = {isa = PBXBuildFile; fileRef = FCFE78ED29275CF700D76A50 /* String+Ext.swift */; };
		FCFE78FD292B60CE00D76A50 /* AWSService.swift in Sources */ = {isa = PBXBuildFile; fileRef = FCFE78FC292B60CE00D76A50 /* AWSService.swift */; };
		FCFE78FF292B63DC00D76A50 /* AssetDataModel.swift in Sources */ = {isa = PBXBuildFile; fileRef = FCFE78FE292B63DC00D76A50 /* AssetDataModel.swift */; };
		FCFE7901292B641600D76A50 /* Asset.swift in Sources */ = {isa = PBXBuildFile; fileRef = FCFE7900292B641600D76A50 /* Asset.swift */; };
/* End PBXBuildFile section */

/* Begin PBXFileReference section */
		202222F46EE15064EA054C50 /* Pods-ChatApp.debug.xcconfig */ = {isa = PBXFileReference; includeInIndex = 1; lastKnownFileType = text.xcconfig; name = "Pods-ChatApp.debug.xcconfig"; path = "Target Support Files/Pods-ChatApp/Pods-ChatApp.debug.xcconfig"; sourceTree = "<group>"; };
		2204655D290E2B9000DF96F1 /* CreateGroupViewController.swift */ = {isa = PBXFileReference; lastKnownFileType = sourcecode.swift; path = CreateGroupViewController.swift; sourceTree = "<group>"; };
		2204655E290E2B9000DF96F1 /* CreateGroupViewController.xib */ = {isa = PBXFileReference; lastKnownFileType = file.xib; path = CreateGroupViewController.xib; sourceTree = "<group>"; };
		220465612910190900DF96F1 /* CreateGroupViewModel.swift */ = {isa = PBXFileReference; lastKnownFileType = sourcecode.swift; path = CreateGroupViewModel.swift; sourceTree = "<group>"; };
		220BB42A290CE4380029B8E5 /* FriendTableCell.swift */ = {isa = PBXFileReference; lastKnownFileType = sourcecode.swift; path = FriendTableCell.swift; sourceTree = "<group>"; };
		220BB42B290CE4380029B8E5 /* FriendTableCell.xib */ = {isa = PBXFileReference; lastKnownFileType = file.xib; path = FriendTableCell.xib; sourceTree = "<group>"; };
		223C627428DF01B000B19A64 /* LoginViewController.swift */ = {isa = PBXFileReference; lastKnownFileType = sourcecode.swift; path = LoginViewController.swift; sourceTree = "<group>"; };
		223C627528DF01B000B19A64 /* LoginViewController.xib */ = {isa = PBXFileReference; lastKnownFileType = file.xib; path = LoginViewController.xib; sourceTree = "<group>"; };
		223C627B28E02CBD00B19A64 /* HomeViewController.swift */ = {isa = PBXFileReference; lastKnownFileType = sourcecode.swift; path = HomeViewController.swift; sourceTree = "<group>"; };
		223C627C28E02CBD00B19A64 /* HomeViewController.xib */ = {isa = PBXFileReference; lastKnownFileType = file.xib; path = HomeViewController.xib; sourceTree = "<group>"; };
		223F9C12291774680076AED4 /* AddMemberViewModel.swift */ = {isa = PBXFileReference; lastKnownFileType = sourcecode.swift; path = AddMemberViewModel.swift; sourceTree = "<group>"; };
		223F9C14291775390076AED4 /* AddMemberViewController.swift */ = {isa = PBXFileReference; lastKnownFileType = sourcecode.swift; path = AddMemberViewController.swift; sourceTree = "<group>"; };
		223F9C15291775390076AED4 /* AddMemberViewController.xib */ = {isa = PBXFileReference; lastKnownFileType = file.xib; path = AddMemberViewController.xib; sourceTree = "<group>"; };
		2246D57428E0477300E1180D /* HomeFriendsCollectionViewCell.swift */ = {isa = PBXFileReference; lastKnownFileType = sourcecode.swift; path = HomeFriendsCollectionViewCell.swift; sourceTree = "<group>"; };
		2246D57528E0477300E1180D /* HomeFriendsCollectionViewCell.xib */ = {isa = PBXFileReference; lastKnownFileType = file.xib; path = HomeFriendsCollectionViewCell.xib; sourceTree = "<group>"; };
		22973D7428E053D200F47C05 /* ConversationTableViewCell.swift */ = {isa = PBXFileReference; lastKnownFileType = sourcecode.swift; path = ConversationTableViewCell.swift; sourceTree = "<group>"; };
		22973D7528E053D200F47C05 /* ConversationTableViewCell.xib */ = {isa = PBXFileReference; lastKnownFileType = file.xib; path = ConversationTableViewCell.xib; sourceTree = "<group>"; };
		22973D8228F2B4CB00F47C05 /* Message.swift */ = {isa = PBXFileReference; lastKnownFileType = sourcecode.swift; path = Message.swift; sourceTree = "<group>"; };
		22A55B5F28DEF6DD00F936B3 /* ChatApp.app */ = {isa = PBXFileReference; explicitFileType = wrapper.application; includeInIndex = 0; path = ChatApp.app; sourceTree = BUILT_PRODUCTS_DIR; };
		22A55B6228DEF6DD00F936B3 /* AppDelegate.swift */ = {isa = PBXFileReference; lastKnownFileType = sourcecode.swift; path = AppDelegate.swift; sourceTree = "<group>"; };
		22A55B6428DEF6DD00F936B3 /* SceneDelegate.swift */ = {isa = PBXFileReference; lastKnownFileType = sourcecode.swift; path = SceneDelegate.swift; sourceTree = "<group>"; };
		22A55B6B28DEF6E100F936B3 /* Assets.xcassets */ = {isa = PBXFileReference; lastKnownFileType = folder.assetcatalog; path = Assets.xcassets; sourceTree = "<group>"; };
		22A55B6E28DEF6E100F936B3 /* Base */ = {isa = PBXFileReference; lastKnownFileType = file.storyboard; name = Base; path = Base.lproj/LaunchScreen.storyboard; sourceTree = "<group>"; };
		22A55B7028DEF6E100F936B3 /* Info.plist */ = {isa = PBXFileReference; lastKnownFileType = text.plist.xml; path = Info.plist; sourceTree = "<group>"; };
		22A55B7728DEF7A300F936B3 /* SignUpViewController.swift */ = {isa = PBXFileReference; lastKnownFileType = sourcecode.swift; path = SignUpViewController.swift; sourceTree = "<group>"; };
		22A55B7828DEF7A300F936B3 /* SignUpViewController.xib */ = {isa = PBXFileReference; lastKnownFileType = file.xib; path = SignUpViewController.xib; sourceTree = "<group>"; };
		22BE75052917C7F300778DB8 /* GroupNotificationCell.swift */ = {isa = PBXFileReference; lastKnownFileType = sourcecode.swift; path = GroupNotificationCell.swift; sourceTree = "<group>"; };
		22BE75062917C7F300778DB8 /* GroupNotificationCell.xib */ = {isa = PBXFileReference; lastKnownFileType = file.xib; path = GroupNotificationCell.xib; sourceTree = "<group>"; };
		22BE750B2918052700778DB8 /* UserService.swift */ = {isa = PBXFileReference; lastKnownFileType = sourcecode.swift; path = UserService.swift; sourceTree = "<group>"; };
		22BE750E291A754E00778DB8 /* GroupManagerViewController.swift */ = {isa = PBXFileReference; lastKnownFileType = sourcecode.swift; path = GroupManagerViewController.swift; sourceTree = "<group>"; };
		22BE750F291A754E00778DB8 /* GroupManagerViewController.xib */ = {isa = PBXFileReference; lastKnownFileType = file.xib; path = GroupManagerViewController.xib; sourceTree = "<group>"; };
		22BE7512291A7EB900778DB8 /* GroupManagerViewModel.swift */ = {isa = PBXFileReference; lastKnownFileType = sourcecode.swift; path = GroupManagerViewModel.swift; sourceTree = "<group>"; };
		22BE7515291BDACF00778DB8 /* ReceiveMessageCell.swift */ = {isa = PBXFileReference; lastKnownFileType = sourcecode.swift; path = ReceiveMessageCell.swift; sourceTree = "<group>"; };
		22BE7516291BDACF00778DB8 /* ReceiveMessageCell.xib */ = {isa = PBXFileReference; lastKnownFileType = file.xib; path = ReceiveMessageCell.xib; sourceTree = "<group>"; };
		22BE751F291D007600778DB8 /* SenderMessageCell.swift */ = {isa = PBXFileReference; lastKnownFileType = sourcecode.swift; path = SenderMessageCell.swift; sourceTree = "<group>"; };
		22BE7520291D007600778DB8 /* SenderMessageCell.xib */ = {isa = PBXFileReference; lastKnownFileType = file.xib; path = SenderMessageCell.xib; sourceTree = "<group>"; };
		22C11EAC2928A36D005273E0 /* ImageReceiverCell.swift */ = {isa = PBXFileReference; fileEncoding = 4; lastKnownFileType = sourcecode.swift; path = ImageReceiverCell.swift; sourceTree = "<group>"; };
		22C11EAD2928A36D005273E0 /* ImageSenderCell.swift */ = {isa = PBXFileReference; fileEncoding = 4; lastKnownFileType = sourcecode.swift; path = ImageSenderCell.swift; sourceTree = "<group>"; };
		22C11EAE2928A36D005273E0 /* ImageReceiverCell.xib */ = {isa = PBXFileReference; fileEncoding = 4; lastKnownFileType = file.xib; path = ImageReceiverCell.xib; sourceTree = "<group>"; };
		22C11EAF2928A36D005273E0 /* ImageSenderCell.xib */ = {isa = PBXFileReference; fileEncoding = 4; lastKnownFileType = file.xib; path = ImageSenderCell.xib; sourceTree = "<group>"; };
		22C716F12902828200368D73 /* BaseService.swift */ = {isa = PBXFileReference; lastKnownFileType = sourcecode.swift; path = BaseService.swift; sourceTree = "<group>"; };
		22C716F32902841400368D73 /* AuthService.swift */ = {isa = PBXFileReference; lastKnownFileType = sourcecode.swift; path = AuthService.swift; sourceTree = "<group>"; };
		22C716F6290284AD00368D73 /* ServiceConstant.swift */ = {isa = PBXFileReference; lastKnownFileType = sourcecode.swift; path = ServiceConstant.swift; sourceTree = "<group>"; };
		22C716FB290297B300368D73 /* UserDefaults+Ext.swift */ = {isa = PBXFileReference; lastKnownFileType = sourcecode.swift; path = "UserDefaults+Ext.swift"; sourceTree = "<group>"; };
		22C716FD290297F200368D73 /* UserInfo.swift */ = {isa = PBXFileReference; lastKnownFileType = sourcecode.swift; path = UserInfo.swift; sourceTree = "<group>"; };
		22C716FF29029B5F00368D73 /* ResponseMain.swift */ = {isa = PBXFileReference; lastKnownFileType = sourcecode.swift; path = ResponseMain.swift; sourceTree = "<group>"; };
		22C7170129029F0F00368D73 /* LoginViewModel.swift */ = {isa = PBXFileReference; lastKnownFileType = sourcecode.swift; path = LoginViewModel.swift; sourceTree = "<group>"; };
		22C717072902F8FE00368D73 /* HomeViewModel.swift */ = {isa = PBXFileReference; lastKnownFileType = sourcecode.swift; path = HomeViewModel.swift; sourceTree = "<group>"; };
		22C717092903C72500368D73 /* SignUpViewModel.swift */ = {isa = PBXFileReference; lastKnownFileType = sourcecode.swift; path = SignUpViewModel.swift; sourceTree = "<group>"; };
		9DDBA3C89A558761E7455645 /* Pods_ChatApp.framework */ = {isa = PBXFileReference; explicitFileType = wrapper.framework; includeInIndex = 0; path = Pods_ChatApp.framework; sourceTree = BUILT_PRODUCTS_DIR; };
		F21C8DF8869517526D478067 /* Pods-ChatApp.release.xcconfig */ = {isa = PBXFileReference; includeInIndex = 1; lastKnownFileType = text.xcconfig; name = "Pods-ChatApp.release.xcconfig"; path = "Target Support Files/Pods-ChatApp/Pods-ChatApp.release.xcconfig"; sourceTree = "<group>"; };
		FC811D5E29349E6800D61164 /* UserInfoViewController.swift */ = {isa = PBXFileReference; lastKnownFileType = sourcecode.swift; path = UserInfoViewController.swift; sourceTree = "<group>"; };
		FC811D5F29349E6800D61164 /* UserInfoViewController.xib */ = {isa = PBXFileReference; lastKnownFileType = file.xib; path = UserInfoViewController.xib; sourceTree = "<group>"; };
		FC811D622934A64800D61164 /* UserInfoViewModel.swift */ = {isa = PBXFileReference; lastKnownFileType = sourcecode.swift; path = UserInfoViewModel.swift; sourceTree = "<group>"; };
		FC9FCAAB292CCB0100866D99 /* ImageCache.swift */ = {isa = PBXFileReference; lastKnownFileType = sourcecode.swift; path = ImageCache.swift; sourceTree = "<group>"; };
		FCB53EA8290644A200A75944 /* SocketIOManagerDefault.swift */ = {isa = PBXFileReference; lastKnownFileType = sourcecode.swift; path = SocketIOManagerDefault.swift; sourceTree = "<group>"; };
		FCB53EAA290644C100A75944 /* Managers.swift */ = {isa = PBXFileReference; lastKnownFileType = sourcecode.swift; path = Managers.swift; sourceTree = "<group>"; };
		FCB53EAC2906731C00A75944 /* ChatService.swift */ = {isa = PBXFileReference; lastKnownFileType = sourcecode.swift; path = ChatService.swift; sourceTree = "<group>"; };
		FCB53EAE2906740500A75944 /* Chat.swift */ = {isa = PBXFileReference; lastKnownFileType = sourcecode.swift; path = Chat.swift; sourceTree = "<group>"; };
		FCB53EB02906923D00A75944 /* ChatViewModel.swift */ = {isa = PBXFileReference; lastKnownFileType = sourcecode.swift; path = ChatViewModel.swift; sourceTree = "<group>"; };
		FCC8F9FC28EF048B00930DA2 /* ChatViewController.swift */ = {isa = PBXFileReference; lastKnownFileType = sourcecode.swift; path = ChatViewController.swift; sourceTree = "<group>"; };
		FCC8F9FD28EF048B00930DA2 /* ChatViewController.xib */ = {isa = PBXFileReference; lastKnownFileType = file.xib; path = ChatViewController.xib; sourceTree = "<group>"; };
		FCDEE825292CFF48002D9D31 /* ImageReceiverGroupCell.swift */ = {isa = PBXFileReference; lastKnownFileType = sourcecode.swift; path = ImageReceiverGroupCell.swift; sourceTree = "<group>"; };
		FCDEE826292CFF48002D9D31 /* ImageReceiverGroupCell.xib */ = {isa = PBXFileReference; lastKnownFileType = file.xib; path = ImageReceiverGroupCell.xib; sourceTree = "<group>"; };
		FCDEE82E292F4665002D9D31 /* UIImage+Ext.swift */ = {isa = PBXFileReference; lastKnownFileType = sourcecode.swift; path = "UIImage+Ext.swift"; sourceTree = "<group>"; };
		FCDEE83029305F5F002D9D31 /* RegexConstants.swift */ = {isa = PBXFileReference; lastKnownFileType = sourcecode.swift; path = RegexConstants.swift; sourceTree = "<group>"; };
		FCFE78E92927590000D76A50 /* ReceiveGroupMessageCell.xib */ = {isa = PBXFileReference; fileEncoding = 4; lastKnownFileType = file.xib; path = ReceiveGroupMessageCell.xib; sourceTree = "<group>"; };
		FCFE78EA2927590000D76A50 /* ReceiveGroupMessageCell.swift */ = {isa = PBXFileReference; fileEncoding = 4; lastKnownFileType = sourcecode.swift; path = ReceiveGroupMessageCell.swift; sourceTree = "<group>"; };
		FCFE78ED29275CF700D76A50 /* String+Ext.swift */ = {isa = PBXFileReference; lastKnownFileType = sourcecode.swift; path = "String+Ext.swift"; sourceTree = "<group>"; };
		FCFE78FC292B60CE00D76A50 /* AWSService.swift */ = {isa = PBXFileReference; lastKnownFileType = sourcecode.swift; path = AWSService.swift; sourceTree = "<group>"; };
		FCFE78FE292B63DC00D76A50 /* AssetDataModel.swift */ = {isa = PBXFileReference; lastKnownFileType = sourcecode.swift; path = AssetDataModel.swift; sourceTree = "<group>"; };
		FCFE7900292B641600D76A50 /* Asset.swift */ = {isa = PBXFileReference; lastKnownFileType = sourcecode.swift; path = Asset.swift; sourceTree = "<group>"; };
/* End PBXFileReference section */

/* Begin PBXFrameworksBuildPhase section */
		22A55B5C28DEF6DD00F936B3 /* Frameworks */ = {
			isa = PBXFrameworksBuildPhase;
			buildActionMask = 2147483647;
			files = (
				DCD9E3CE09658B98754D3D53 /* Pods_ChatApp.framework in Frameworks */,
			);
			runOnlyForDeploymentPostprocessing = 0;
		};
/* End PBXFrameworksBuildPhase section */

/* Begin PBXGroup section */
		2204655C290E2B3900DF96F1 /* CreateGroup */ = {
			isa = PBXGroup;
			children = (
				2204655D290E2B9000DF96F1 /* CreateGroupViewController.swift */,
				2204655E290E2B9000DF96F1 /* CreateGroupViewController.xib */,
				220465612910190900DF96F1 /* CreateGroupViewModel.swift */,
			);
			path = CreateGroup;
			sourceTree = "<group>";
		};
		220BB429290CE4020029B8E5 /* FriendTableCell */ = {
			isa = PBXGroup;
			children = (
				220BB42A290CE4380029B8E5 /* FriendTableCell.swift */,
				220BB42B290CE4380029B8E5 /* FriendTableCell.xib */,
			);
			path = FriendTableCell;
			sourceTree = "<group>";
		};
		223C627328DF015300B19A64 /* Login */ = {
			isa = PBXGroup;
			children = (
				223C627428DF01B000B19A64 /* LoginViewController.swift */,
				223C627528DF01B000B19A64 /* LoginViewController.xib */,
				22C7170129029F0F00368D73 /* LoginViewModel.swift */,
			);
			path = Login;
			sourceTree = "<group>";
		};
		223C627828E02C5400B19A64 /* Modules */ = {
			isa = PBXGroup;
			children = (
				22A55B7628DEF77600F936B3 /* SignUp */,
				223C627328DF015300B19A64 /* Login */,
				223C627A28E02C8200B19A64 /* Home */,
				FC811D5D29349E2E00D61164 /* UserInfo */,
				FCC8F9FB28EF031C00930DA2 /* Chat */,
				2204655C290E2B3900DF96F1 /* CreateGroup */,
				223F9C0D291773860076AED4 /* AddMember */,
				22BE750D291A751200778DB8 /* GroupManager */,
			);
			path = Modules;
			sourceTree = "<group>";
		};
		223C627928E02C7000B19A64 /* Application */ = {
			isa = PBXGroup;
			children = (
				22A55B6228DEF6DD00F936B3 /* AppDelegate.swift */,
				22A55B6428DEF6DD00F936B3 /* SceneDelegate.swift */,
			);
			path = Application;
			sourceTree = "<group>";
		};
		223C627A28E02C8200B19A64 /* Home */ = {
			isa = PBXGroup;
			children = (
				223C627B28E02CBD00B19A64 /* HomeViewController.swift */,
				223C627C28E02CBD00B19A64 /* HomeViewController.xib */,
				22C717072902F8FE00368D73 /* HomeViewModel.swift */,
			);
			path = Home;
			sourceTree = "<group>";
		};
		223F9C0D291773860076AED4 /* AddMember */ = {
			isa = PBXGroup;
			children = (
				223F9C14291775390076AED4 /* AddMemberViewController.swift */,
				223F9C15291775390076AED4 /* AddMemberViewController.xib */,
				223F9C12291774680076AED4 /* AddMemberViewModel.swift */,
			);
			path = AddMember;
			sourceTree = "<group>";
		};
		2246D57228E0461C00E1180D /* Supports */ = {
			isa = PBXGroup;
			children = (
				22C11EAB2928A36D005273E0 /* ImageCell */,
				FCFE78E8292758F800D76A50 /* ReceiveGroupMessageCell */,
				22BE751E291D005800778DB8 /* SenderMessageCell */,
				22BE7514291BDA7000778DB8 /* ReceiveMessageCell */,
				22BE75042917C74F00778DB8 /* GroupNotification */,
				220BB429290CE4020029B8E5 /* FriendTableCell */,
				22973D7328E0538900F47C05 /* ConversationTableViewCell */,
				2246D57328E0474100E1180D /* HomeFriendsCollectionViewCell */,
				22A55B6B28DEF6E100F936B3 /* Assets.xcassets */,
				22A55B6D28DEF6E100F936B3 /* LaunchScreen.storyboard */,
			);
			path = Supports;
			sourceTree = "<group>";
		};
		2246D57328E0474100E1180D /* HomeFriendsCollectionViewCell */ = {
			isa = PBXGroup;
			children = (
				2246D57428E0477300E1180D /* HomeFriendsCollectionViewCell.swift */,
				2246D57528E0477300E1180D /* HomeFriendsCollectionViewCell.xib */,
			);
			path = HomeFriendsCollectionViewCell;
			sourceTree = "<group>";
		};
		22973D7328E0538900F47C05 /* ConversationTableViewCell */ = {
			isa = PBXGroup;
			children = (
				22973D7428E053D200F47C05 /* ConversationTableViewCell.swift */,
				22973D7528E053D200F47C05 /* ConversationTableViewCell.xib */,
			);
			path = ConversationTableViewCell;
			sourceTree = "<group>";
		};
		22973D8128F2B44800F47C05 /* Model */ = {
			isa = PBXGroup;
			children = (
				22973D8228F2B4CB00F47C05 /* Message.swift */,
				22C716FD290297F200368D73 /* UserInfo.swift */,
				22C716FF29029B5F00368D73 /* ResponseMain.swift */,
				FCB53EAE2906740500A75944 /* Chat.swift */,
				FCFE78FE292B63DC00D76A50 /* AssetDataModel.swift */,
				FCFE7900292B641600D76A50 /* Asset.swift */,
			);
			path = Model;
			sourceTree = "<group>";
		};
		22A55B5628DEF6DD00F936B3 = {
			isa = PBXGroup;
			children = (
				22A55B6128DEF6DD00F936B3 /* ChatApp */,
				22A55B6028DEF6DD00F936B3 /* Products */,
				5AB3772599C5496F791E3EA3 /* Pods */,
				B9FF83FBBC4BDB255D18D4CC /* Frameworks */,
			);
			sourceTree = "<group>";
		};
		22A55B6028DEF6DD00F936B3 /* Products */ = {
			isa = PBXGroup;
			children = (
				22A55B5F28DEF6DD00F936B3 /* ChatApp.app */,
			);
			name = Products;
			sourceTree = "<group>";
		};
		22A55B6128DEF6DD00F936B3 /* ChatApp */ = {
			isa = PBXGroup;
			children = (
				223C627928E02C7000B19A64 /* Application */,
				22C716FA2902978F00368D73 /* Extensions */,
				22C716F52902849C00368D73 /* Constants */,
				FCB53EA52906444C00A75944 /* Manager */,
				223C627828E02C5400B19A64 /* Modules */,
				2246D57228E0461C00E1180D /* Supports */,
				22C716F02902820800368D73 /* Service */,
				22973D8128F2B44800F47C05 /* Model */,
				22A55B7028DEF6E100F936B3 /* Info.plist */,
			);
			path = ChatApp;
			sourceTree = "<group>";
		};
		22A55B7628DEF77600F936B3 /* SignUp */ = {
			isa = PBXGroup;
			children = (
				22A55B7728DEF7A300F936B3 /* SignUpViewController.swift */,
				22A55B7828DEF7A300F936B3 /* SignUpViewController.xib */,
				22C717092903C72500368D73 /* SignUpViewModel.swift */,
			);
			path = SignUp;
			sourceTree = "<group>";
		};
		22BE75042917C74F00778DB8 /* GroupNotification */ = {
			isa = PBXGroup;
			children = (
				22BE75052917C7F300778DB8 /* GroupNotificationCell.swift */,
				22BE75062917C7F300778DB8 /* GroupNotificationCell.xib */,
			);
			path = GroupNotification;
			sourceTree = "<group>";
		};
		22BE750D291A751200778DB8 /* GroupManager */ = {
			isa = PBXGroup;
			children = (
				22BE750E291A754E00778DB8 /* GroupManagerViewController.swift */,
				22BE750F291A754E00778DB8 /* GroupManagerViewController.xib */,
				22BE7512291A7EB900778DB8 /* GroupManagerViewModel.swift */,
			);
			path = GroupManager;
			sourceTree = "<group>";
		};
		22BE7514291BDA7000778DB8 /* ReceiveMessageCell */ = {
			isa = PBXGroup;
			children = (
				22BE7515291BDACF00778DB8 /* ReceiveMessageCell.swift */,
				22BE7516291BDACF00778DB8 /* ReceiveMessageCell.xib */,
			);
			path = ReceiveMessageCell;
			sourceTree = "<group>";
		};
		22BE751E291D005800778DB8 /* SenderMessageCell */ = {
			isa = PBXGroup;
			children = (
				22BE751F291D007600778DB8 /* SenderMessageCell.swift */,
				22BE7520291D007600778DB8 /* SenderMessageCell.xib */,
			);
			path = SenderMessageCell;
			sourceTree = "<group>";
		};
		22C11EAB2928A36D005273E0 /* ImageCell */ = {
			isa = PBXGroup;
			children = (
				22C11EAC2928A36D005273E0 /* ImageReceiverCell.swift */,
				22C11EAE2928A36D005273E0 /* ImageReceiverCell.xib */,
				22C11EAD2928A36D005273E0 /* ImageSenderCell.swift */,
				22C11EAF2928A36D005273E0 /* ImageSenderCell.xib */,
				FCDEE825292CFF48002D9D31 /* ImageReceiverGroupCell.swift */,
				FCDEE826292CFF48002D9D31 /* ImageReceiverGroupCell.xib */,
			);
			path = ImageCell;
			sourceTree = "<group>";
		};
		22C716F02902820800368D73 /* Service */ = {
			isa = PBXGroup;
			children = (
				22C716F12902828200368D73 /* BaseService.swift */,
				22C716F32902841400368D73 /* AuthService.swift */,
				FCB53EAC2906731C00A75944 /* ChatService.swift */,
				22BE750B2918052700778DB8 /* UserService.swift */,
				FCFE78FC292B60CE00D76A50 /* AWSService.swift */,
			);
			path = Service;
			sourceTree = "<group>";
		};
		22C716F52902849C00368D73 /* Constants */ = {
			isa = PBXGroup;
			children = (
				22C716F6290284AD00368D73 /* ServiceConstant.swift */,
				FCDEE83029305F5F002D9D31 /* RegexConstants.swift */,
			);
			path = Constants;
			sourceTree = "<group>";
		};
		22C716FA2902978F00368D73 /* Extensions */ = {
			isa = PBXGroup;
			children = (
				22C716FB290297B300368D73 /* UserDefaults+Ext.swift */,
				FCFE78ED29275CF700D76A50 /* String+Ext.swift */,
				FC9FCAAB292CCB0100866D99 /* ImageCache.swift */,
				FCDEE82E292F4665002D9D31 /* UIImage+Ext.swift */,
			);
			path = Extensions;
			sourceTree = "<group>";
		};
		5AB3772599C5496F791E3EA3 /* Pods */ = {
			isa = PBXGroup;
			children = (
				202222F46EE15064EA054C50 /* Pods-ChatApp.debug.xcconfig */,
				F21C8DF8869517526D478067 /* Pods-ChatApp.release.xcconfig */,
			);
			path = Pods;
			sourceTree = "<group>";
		};
		B9FF83FBBC4BDB255D18D4CC /* Frameworks */ = {
			isa = PBXGroup;
			children = (
				9DDBA3C89A558761E7455645 /* Pods_ChatApp.framework */,
			);
			name = Frameworks;
			sourceTree = "<group>";
		};
		FC811D5D29349E2E00D61164 /* UserInfo */ = {
			isa = PBXGroup;
			children = (
				FC811D5E29349E6800D61164 /* UserInfoViewController.swift */,
				FC811D5F29349E6800D61164 /* UserInfoViewController.xib */,
				FC811D622934A64800D61164 /* UserInfoViewModel.swift */,
			);
			path = UserInfo;
			sourceTree = "<group>";
		};
		FCB53EA52906444C00A75944 /* Manager */ = {
			isa = PBXGroup;
			children = (
				FCB53EA8290644A200A75944 /* SocketIOManagerDefault.swift */,
				FCB53EAA290644C100A75944 /* Managers.swift */,
			);
			path = Manager;
			sourceTree = "<group>";
		};
		FCC8F9FB28EF031C00930DA2 /* Chat */ = {
			isa = PBXGroup;
			children = (
				FCC8F9FC28EF048B00930DA2 /* ChatViewController.swift */,
				FCC8F9FD28EF048B00930DA2 /* ChatViewController.xib */,
				FCB53EB02906923D00A75944 /* ChatViewModel.swift */,
			);
			path = Chat;
			sourceTree = "<group>";
		};
		FCFE78E8292758F800D76A50 /* ReceiveGroupMessageCell */ = {
			isa = PBXGroup;
			children = (
				FCFE78EA2927590000D76A50 /* ReceiveGroupMessageCell.swift */,
				FCFE78E92927590000D76A50 /* ReceiveGroupMessageCell.xib */,
			);
			path = ReceiveGroupMessageCell;
			sourceTree = "<group>";
		};
/* End PBXGroup section */

/* Begin PBXNativeTarget section */
		22A55B5E28DEF6DD00F936B3 /* ChatApp */ = {
			isa = PBXNativeTarget;
			buildConfigurationList = 22A55B7328DEF6E100F936B3 /* Build configuration list for PBXNativeTarget "ChatApp" */;
			buildPhases = (
				0A60C8E108AEA142BEFBF842 /* [CP] Check Pods Manifest.lock */,
				22A55B5B28DEF6DD00F936B3 /* Sources */,
				22A55B5C28DEF6DD00F936B3 /* Frameworks */,
				22A55B5D28DEF6DD00F936B3 /* Resources */,
				78DFA193418880433561343B /* [CP] Embed Pods Frameworks */,
			);
			buildRules = (
			);
			dependencies = (
			);
			name = ChatApp;
			productName = ChatApp;
			productReference = 22A55B5F28DEF6DD00F936B3 /* ChatApp.app */;
			productType = "com.apple.product-type.application";
		};
/* End PBXNativeTarget section */

/* Begin PBXProject section */
		22A55B5728DEF6DD00F936B3 /* Project object */ = {
			isa = PBXProject;
			attributes = {
				BuildIndependentTargetsInParallel = 1;
				LastSwiftUpdateCheck = 1340;
				LastUpgradeCheck = 1340;
				TargetAttributes = {
					22A55B5E28DEF6DD00F936B3 = {
						CreatedOnToolsVersion = 13.4.1;
					};
				};
			};
			buildConfigurationList = 22A55B5A28DEF6DD00F936B3 /* Build configuration list for PBXProject "ChatApp" */;
			compatibilityVersion = "Xcode 13.0";
			developmentRegion = en;
			hasScannedForEncodings = 0;
			knownRegions = (
				en,
				Base,
			);
			mainGroup = 22A55B5628DEF6DD00F936B3;
			productRefGroup = 22A55B6028DEF6DD00F936B3 /* Products */;
			projectDirPath = "";
			projectRoot = "";
			targets = (
				22A55B5E28DEF6DD00F936B3 /* ChatApp */,
			);
		};
/* End PBXProject section */

/* Begin PBXResourcesBuildPhase section */
		22A55B5D28DEF6DD00F936B3 /* Resources */ = {
			isa = PBXResourcesBuildPhase;
			buildActionMask = 2147483647;
			files = (
				22C11EB32928A36D005273E0 /* ImageSenderCell.xib in Resources */,
				FCDEE828292CFF48002D9D31 /* ImageReceiverGroupCell.xib in Resources */,
				223C627728DF01B000B19A64 /* LoginViewController.xib in Resources */,
				FCFE78EB2927590000D76A50 /* ReceiveGroupMessageCell.xib in Resources */,
				2246D57728E0477300E1180D /* HomeFriendsCollectionViewCell.xib in Resources */,
				22046560290E2B9000DF96F1 /* CreateGroupViewController.xib in Resources */,
				22973D7728E053D200F47C05 /* ConversationTableViewCell.xib in Resources */,
				22A55B6F28DEF6E100F936B3 /* LaunchScreen.storyboard in Resources */,
				22C11EB22928A36D005273E0 /* ImageReceiverCell.xib in Resources */,
				223F9C17291775390076AED4 /* AddMemberViewController.xib in Resources */,
				223C627E28E02CBD00B19A64 /* HomeViewController.xib in Resources */,
				22A55B6C28DEF6E100F936B3 /* Assets.xcassets in Resources */,
				FCC8F9FF28EF048B00930DA2 /* ChatViewController.xib in Resources */,
				22BE75082917C7F300778DB8 /* GroupNotificationCell.xib in Resources */,
				22BE7511291A754E00778DB8 /* GroupManagerViewController.xib in Resources */,
				22BE7522291D007600778DB8 /* SenderMessageCell.xib in Resources */,
				220BB42D290CE4380029B8E5 /* FriendTableCell.xib in Resources */,
				FC811D6129349E6800D61164 /* UserInfoViewController.xib in Resources */,
				22A55B7A28DEF7A300F936B3 /* SignUpViewController.xib in Resources */,
				22BE7518291BDACF00778DB8 /* ReceiveMessageCell.xib in Resources */,
			);
			runOnlyForDeploymentPostprocessing = 0;
		};
/* End PBXResourcesBuildPhase section */

/* Begin PBXShellScriptBuildPhase section */
		0A60C8E108AEA142BEFBF842 /* [CP] Check Pods Manifest.lock */ = {
			isa = PBXShellScriptBuildPhase;
			buildActionMask = 2147483647;
			files = (
			);
			inputFileListPaths = (
			);
			inputPaths = (
				"${PODS_PODFILE_DIR_PATH}/Podfile.lock",
				"${PODS_ROOT}/Manifest.lock",
			);
			name = "[CP] Check Pods Manifest.lock";
			outputFileListPaths = (
			);
			outputPaths = (
				"$(DERIVED_FILE_DIR)/Pods-ChatApp-checkManifestLockResult.txt",
			);
			runOnlyForDeploymentPostprocessing = 0;
			shellPath = /bin/sh;
			shellScript = "diff \"${PODS_PODFILE_DIR_PATH}/Podfile.lock\" \"${PODS_ROOT}/Manifest.lock\" > /dev/null\nif [ $? != 0 ] ; then\n    # print error to STDERR\n    echo \"error: The sandbox is not in sync with the Podfile.lock. Run 'pod install' or update your CocoaPods installation.\" >&2\n    exit 1\nfi\n# This output is used by Xcode 'outputs' to avoid re-running this script phase.\necho \"SUCCESS\" > \"${SCRIPT_OUTPUT_FILE_0}\"\n";
			showEnvVarsInLog = 0;
		};
		78DFA193418880433561343B /* [CP] Embed Pods Frameworks */ = {
			isa = PBXShellScriptBuildPhase;
			buildActionMask = 2147483647;
			files = (
			);
			inputFileListPaths = (
				"${PODS_ROOT}/Target Support Files/Pods-ChatApp/Pods-ChatApp-frameworks-${CONFIGURATION}-input-files.xcfilelist",
			);
			name = "[CP] Embed Pods Frameworks";
			outputFileListPaths = (
				"${PODS_ROOT}/Target Support Files/Pods-ChatApp/Pods-ChatApp-frameworks-${CONFIGURATION}-output-files.xcfilelist",
			);
			runOnlyForDeploymentPostprocessing = 0;
			shellPath = /bin/sh;
			shellScript = "\"${PODS_ROOT}/Target Support Files/Pods-ChatApp/Pods-ChatApp-frameworks.sh\"\n";
			showEnvVarsInLog = 0;
		};
/* End PBXShellScriptBuildPhase section */

/* Begin PBXSourcesBuildPhase section */
		22A55B5B28DEF6DD00F936B3 /* Sources */ = {
			isa = PBXSourcesBuildPhase;
			buildActionMask = 2147483647;
			files = (
				FCB53EA9290644A200A75944 /* SocketIOManagerDefault.swift in Sources */,
				223C627D28E02CBD00B19A64 /* HomeViewController.swift in Sources */,
				22C717082902F8FE00368D73 /* HomeViewModel.swift in Sources */,
				22C7170029029B5F00368D73 /* ResponseMain.swift in Sources */,
				2246D57628E0477300E1180D /* HomeFriendsCollectionViewCell.swift in Sources */,
				FCC8F9FE28EF048B00930DA2 /* ChatViewController.swift in Sources */,
				223F9C16291775390076AED4 /* AddMemberViewController.swift in Sources */,
				22C7170A2903C72500368D73 /* SignUpViewModel.swift in Sources */,
				22C11EB12928A36D005273E0 /* ImageSenderCell.swift in Sources */,
				22BE7521291D007600778DB8 /* SenderMessageCell.swift in Sources */,
				FCFE78FF292B63DC00D76A50 /* AssetDataModel.swift in Sources */,
				22C716F42902841400368D73 /* AuthService.swift in Sources */,
				FC9FCAAC292CCB0100866D99 /* ImageCache.swift in Sources */,
				22BE7517291BDACF00778DB8 /* ReceiveMessageCell.swift in Sources */,
				22BE75072917C7F300778DB8 /* GroupNotificationCell.swift in Sources */,
				FCDEE827292CFF48002D9D31 /* ImageReceiverGroupCell.swift in Sources */,
				223C627628DF01B000B19A64 /* LoginViewController.swift in Sources */,
				22973D7628E053D200F47C05 /* ConversationTableViewCell.swift in Sources */,
				220BB42C290CE4380029B8E5 /* FriendTableCell.swift in Sources */,
				22C716FC290297B300368D73 /* UserDefaults+Ext.swift in Sources */,
				22A55B7928DEF7A300F936B3 /* SignUpViewController.swift in Sources */,
				FCDEE83129305F5F002D9D31 /* RegexConstants.swift in Sources */,
				FCDEE82F292F4665002D9D31 /* UIImage+Ext.swift in Sources */,
				22A55B6328DEF6DD00F936B3 /* AppDelegate.swift in Sources */,
				FCFE78EE29275CF700D76A50 /* String+Ext.swift in Sources */,
				22BE750C2918052700778DB8 /* UserService.swift in Sources */,
				FCB53EB12906923D00A75944 /* ChatViewModel.swift in Sources */,
				22BE7510291A754E00778DB8 /* GroupManagerViewController.swift in Sources */,
				223F9C13291774680076AED4 /* AddMemberViewModel.swift in Sources */,
				FCB53EAF2906740500A75944 /* Chat.swift in Sources */,
				22C7170229029F0F00368D73 /* LoginViewModel.swift in Sources */,
				22973D8328F2B4CB00F47C05 /* Message.swift in Sources */,
				22C11EB02928A36D005273E0 /* ImageReceiverCell.swift in Sources */,
				FC811D6029349E6800D61164 /* UserInfoViewController.swift in Sources */,
				22C716F7290284AD00368D73 /* ServiceConstant.swift in Sources */,
				FCB53EAD2906731C00A75944 /* ChatService.swift in Sources */,
				22A55B6528DEF6DD00F936B3 /* SceneDelegate.swift in Sources */,
				2204655F290E2B9000DF96F1 /* CreateGroupViewController.swift in Sources */,
				FCFE78FD292B60CE00D76A50 /* AWSService.swift in Sources */,
				FCB53EAB290644C100A75944 /* Managers.swift in Sources */,
				FCFE78EC2927590000D76A50 /* ReceiveGroupMessageCell.swift in Sources */,
				22BE7513291A7EB900778DB8 /* GroupManagerViewModel.swift in Sources */,
				22C716FE290297F200368D73 /* UserInfo.swift in Sources */,
				FCFE7901292B641600D76A50 /* Asset.swift in Sources */,
				220465622910190900DF96F1 /* CreateGroupViewModel.swift in Sources */,
				FC811D632934A64800D61164 /* UserInfoViewModel.swift in Sources */,
				22C716F22902828200368D73 /* BaseService.swift in Sources */,
			);
			runOnlyForDeploymentPostprocessing = 0;
		};
/* End PBXSourcesBuildPhase section */

/* Begin PBXVariantGroup section */
		22A55B6D28DEF6E100F936B3 /* LaunchScreen.storyboard */ = {
			isa = PBXVariantGroup;
			children = (
				22A55B6E28DEF6E100F936B3 /* Base */,
			);
			name = LaunchScreen.storyboard;
			sourceTree = "<group>";
		};
/* End PBXVariantGroup section */

/* Begin XCBuildConfiguration section */
		22A55B7128DEF6E100F936B3 /* Debug */ = {
			isa = XCBuildConfiguration;
			buildSettings = {
				ALWAYS_SEARCH_USER_PATHS = NO;
				CLANG_ANALYZER_NONNULL = YES;
				CLANG_ANALYZER_NUMBER_OBJECT_CONVERSION = YES_AGGRESSIVE;
				CLANG_CXX_LANGUAGE_STANDARD = "gnu++17";
				CLANG_ENABLE_MODULES = YES;
				CLANG_ENABLE_OBJC_ARC = YES;
				CLANG_ENABLE_OBJC_WEAK = YES;
				CLANG_WARN_BLOCK_CAPTURE_AUTORELEASING = YES;
				CLANG_WARN_BOOL_CONVERSION = YES;
				CLANG_WARN_COMMA = YES;
				CLANG_WARN_CONSTANT_CONVERSION = YES;
				CLANG_WARN_DEPRECATED_OBJC_IMPLEMENTATIONS = YES;
				CLANG_WARN_DIRECT_OBJC_ISA_USAGE = YES_ERROR;
				CLANG_WARN_DOCUMENTATION_COMMENTS = YES;
				CLANG_WARN_EMPTY_BODY = YES;
				CLANG_WARN_ENUM_CONVERSION = YES;
				CLANG_WARN_INFINITE_RECURSION = YES;
				CLANG_WARN_INT_CONVERSION = YES;
				CLANG_WARN_NON_LITERAL_NULL_CONVERSION = YES;
				CLANG_WARN_OBJC_IMPLICIT_RETAIN_SELF = YES;
				CLANG_WARN_OBJC_LITERAL_CONVERSION = YES;
				CLANG_WARN_OBJC_ROOT_CLASS = YES_ERROR;
				CLANG_WARN_QUOTED_INCLUDE_IN_FRAMEWORK_HEADER = YES;
				CLANG_WARN_RANGE_LOOP_ANALYSIS = YES;
				CLANG_WARN_STRICT_PROTOTYPES = YES;
				CLANG_WARN_SUSPICIOUS_MOVE = YES;
				CLANG_WARN_UNGUARDED_AVAILABILITY = YES_AGGRESSIVE;
				CLANG_WARN_UNREACHABLE_CODE = YES;
				CLANG_WARN__DUPLICATE_METHOD_MATCH = YES;
				COPY_PHASE_STRIP = NO;
				DEBUG_INFORMATION_FORMAT = dwarf;
				ENABLE_STRICT_OBJC_MSGSEND = YES;
				ENABLE_TESTABILITY = YES;
				GCC_C_LANGUAGE_STANDARD = gnu11;
				GCC_DYNAMIC_NO_PIC = NO;
				GCC_NO_COMMON_BLOCKS = YES;
				GCC_OPTIMIZATION_LEVEL = 0;
				GCC_PREPROCESSOR_DEFINITIONS = (
					"DEBUG=1",
					"$(inherited)",
				);
				GCC_WARN_64_TO_32_BIT_CONVERSION = YES;
				GCC_WARN_ABOUT_RETURN_TYPE = YES_ERROR;
				GCC_WARN_UNDECLARED_SELECTOR = YES;
				GCC_WARN_UNINITIALIZED_AUTOS = YES_AGGRESSIVE;
				GCC_WARN_UNUSED_FUNCTION = YES;
				GCC_WARN_UNUSED_VARIABLE = YES;
				IPHONEOS_DEPLOYMENT_TARGET = 14.0;
				MTL_ENABLE_DEBUG_INFO = INCLUDE_SOURCE;
				MTL_FAST_MATH = YES;
				ONLY_ACTIVE_ARCH = YES;
				SDKROOT = iphoneos;
				SWIFT_ACTIVE_COMPILATION_CONDITIONS = DEBUG;
				SWIFT_OPTIMIZATION_LEVEL = "-Onone";
			};
			name = Debug;
		};
		22A55B7228DEF6E100F936B3 /* Release */ = {
			isa = XCBuildConfiguration;
			buildSettings = {
				ALWAYS_SEARCH_USER_PATHS = NO;
				CLANG_ANALYZER_NONNULL = YES;
				CLANG_ANALYZER_NUMBER_OBJECT_CONVERSION = YES_AGGRESSIVE;
				CLANG_CXX_LANGUAGE_STANDARD = "gnu++17";
				CLANG_ENABLE_MODULES = YES;
				CLANG_ENABLE_OBJC_ARC = YES;
				CLANG_ENABLE_OBJC_WEAK = YES;
				CLANG_WARN_BLOCK_CAPTURE_AUTORELEASING = YES;
				CLANG_WARN_BOOL_CONVERSION = YES;
				CLANG_WARN_COMMA = YES;
				CLANG_WARN_CONSTANT_CONVERSION = YES;
				CLANG_WARN_DEPRECATED_OBJC_IMPLEMENTATIONS = YES;
				CLANG_WARN_DIRECT_OBJC_ISA_USAGE = YES_ERROR;
				CLANG_WARN_DOCUMENTATION_COMMENTS = YES;
				CLANG_WARN_EMPTY_BODY = YES;
				CLANG_WARN_ENUM_CONVERSION = YES;
				CLANG_WARN_INFINITE_RECURSION = YES;
				CLANG_WARN_INT_CONVERSION = YES;
				CLANG_WARN_NON_LITERAL_NULL_CONVERSION = YES;
				CLANG_WARN_OBJC_IMPLICIT_RETAIN_SELF = YES;
				CLANG_WARN_OBJC_LITERAL_CONVERSION = YES;
				CLANG_WARN_OBJC_ROOT_CLASS = YES_ERROR;
				CLANG_WARN_QUOTED_INCLUDE_IN_FRAMEWORK_HEADER = YES;
				CLANG_WARN_RANGE_LOOP_ANALYSIS = YES;
				CLANG_WARN_STRICT_PROTOTYPES = YES;
				CLANG_WARN_SUSPICIOUS_MOVE = YES;
				CLANG_WARN_UNGUARDED_AVAILABILITY = YES_AGGRESSIVE;
				CLANG_WARN_UNREACHABLE_CODE = YES;
				CLANG_WARN__DUPLICATE_METHOD_MATCH = YES;
				COPY_PHASE_STRIP = NO;
				DEBUG_INFORMATION_FORMAT = "dwarf-with-dsym";
				ENABLE_NS_ASSERTIONS = NO;
				ENABLE_STRICT_OBJC_MSGSEND = YES;
				GCC_C_LANGUAGE_STANDARD = gnu11;
				GCC_NO_COMMON_BLOCKS = YES;
				GCC_WARN_64_TO_32_BIT_CONVERSION = YES;
				GCC_WARN_ABOUT_RETURN_TYPE = YES_ERROR;
				GCC_WARN_UNDECLARED_SELECTOR = YES;
				GCC_WARN_UNINITIALIZED_AUTOS = YES_AGGRESSIVE;
				GCC_WARN_UNUSED_FUNCTION = YES;
				GCC_WARN_UNUSED_VARIABLE = YES;
				IPHONEOS_DEPLOYMENT_TARGET = 14.0;
				MTL_ENABLE_DEBUG_INFO = NO;
				MTL_FAST_MATH = YES;
				SDKROOT = iphoneos;
				SWIFT_COMPILATION_MODE = wholemodule;
				SWIFT_OPTIMIZATION_LEVEL = "-O";
				VALIDATE_PRODUCT = YES;
			};
			name = Release;
		};
		22A55B7428DEF6E100F936B3 /* Debug */ = {
			isa = XCBuildConfiguration;
			baseConfigurationReference = 202222F46EE15064EA054C50 /* Pods-ChatApp.debug.xcconfig */;
			buildSettings = {
				ASSETCATALOG_COMPILER_APPICON_NAME = AppIcon;
				ASSETCATALOG_COMPILER_GLOBAL_ACCENT_COLOR_NAME = AccentColor;
				CODE_SIGN_IDENTITY = "Apple Development";
				CODE_SIGN_STYLE = Automatic;
				CURRENT_PROJECT_VERSION = 1;
				DEVELOPMENT_TEAM = AQKCQ33V6N;
				GENERATE_INFOPLIST_FILE = YES;
				INFOPLIST_FILE = ChatApp/Info.plist;
				INFOPLIST_KEY_UIApplicationSupportsIndirectInputEvents = YES;
				INFOPLIST_KEY_UILaunchStoryboardName = LaunchScreen;
				INFOPLIST_KEY_UISupportedInterfaceOrientations = UIInterfaceOrientationPortrait;
				INFOPLIST_KEY_UISupportedInterfaceOrientations_iPad = "UIInterfaceOrientationPortrait UIInterfaceOrientationPortraitUpsideDown UIInterfaceOrientationLandscapeLeft UIInterfaceOrientationLandscapeRight";
				INFOPLIST_KEY_UISupportedInterfaceOrientations_iPhone = "UIInterfaceOrientationPortrait UIInterfaceOrientationLandscapeLeft UIInterfaceOrientationLandscapeRight";
				IPHONEOS_DEPLOYMENT_TARGET = 14.0;
				LD_RUNPATH_SEARCH_PATHS = (
					"$(inherited)",
					"@executable_path/Frameworks",
				);
				MARKETING_VERSION = 1.0;
				PRODUCT_BUNDLE_IDENTIFIER = com.ThinhNguyenPhuc.ChatApp;
				PRODUCT_NAME = "$(TARGET_NAME)";
				PROVISIONING_PROFILE_SPECIFIER = "";
				SWIFT_EMIT_LOC_STRINGS = YES;
				SWIFT_VERSION = 5.0;
				TARGETED_DEVICE_FAMILY = "1,2";
			};
			name = Debug;
		};
		22A55B7528DEF6E100F936B3 /* Release */ = {
			isa = XCBuildConfiguration;
			baseConfigurationReference = F21C8DF8869517526D478067 /* Pods-ChatApp.release.xcconfig */;
			buildSettings = {
				ASSETCATALOG_COMPILER_APPICON_NAME = AppIcon;
				ASSETCATALOG_COMPILER_GLOBAL_ACCENT_COLOR_NAME = AccentColor;
				CODE_SIGN_IDENTITY = "Apple Development";
				CODE_SIGN_STYLE = Automatic;
				CURRENT_PROJECT_VERSION = 1;
				DEVELOPMENT_TEAM = AQKCQ33V6N;
				GENERATE_INFOPLIST_FILE = YES;
				INFOPLIST_FILE = ChatApp/Info.plist;
				INFOPLIST_KEY_UIApplicationSupportsIndirectInputEvents = YES;
				INFOPLIST_KEY_UILaunchStoryboardName = LaunchScreen;
				INFOPLIST_KEY_UISupportedInterfaceOrientations = UIInterfaceOrientationPortrait;
				INFOPLIST_KEY_UISupportedInterfaceOrientations_iPad = "UIInterfaceOrientationPortrait UIInterfaceOrientationPortraitUpsideDown UIInterfaceOrientationLandscapeLeft UIInterfaceOrientationLandscapeRight";
				INFOPLIST_KEY_UISupportedInterfaceOrientations_iPhone = "UIInterfaceOrientationPortrait UIInterfaceOrientationLandscapeLeft UIInterfaceOrientationLandscapeRight";
				IPHONEOS_DEPLOYMENT_TARGET = 14.0;
				LD_RUNPATH_SEARCH_PATHS = (
					"$(inherited)",
					"@executable_path/Frameworks",
				);
				MARKETING_VERSION = 1.0;
				PRODUCT_BUNDLE_IDENTIFIER = com.ThinhNguyenPhuc.ChatApp;
				PRODUCT_NAME = "$(TARGET_NAME)";
				PROVISIONING_PROFILE_SPECIFIER = "";
				SWIFT_EMIT_LOC_STRINGS = YES;
				SWIFT_VERSION = 5.0;
				TARGETED_DEVICE_FAMILY = "1,2";
			};
			name = Release;
		};
/* End XCBuildConfiguration section */

/* Begin XCConfigurationList section */
		22A55B5A28DEF6DD00F936B3 /* Build configuration list for PBXProject "ChatApp" */ = {
			isa = XCConfigurationList;
			buildConfigurations = (
				22A55B7128DEF6E100F936B3 /* Debug */,
				22A55B7228DEF6E100F936B3 /* Release */,
			);
			defaultConfigurationIsVisible = 0;
			defaultConfigurationName = Release;
		};
		22A55B7328DEF6E100F936B3 /* Build configuration list for PBXNativeTarget "ChatApp" */ = {
			isa = XCConfigurationList;
			buildConfigurations = (
				22A55B7428DEF6E100F936B3 /* Debug */,
				22A55B7528DEF6E100F936B3 /* Release */,
			);
			defaultConfigurationIsVisible = 0;
			defaultConfigurationName = Release;
		};
/* End XCConfigurationList section */
	};
	rootObject = 22A55B5728DEF6DD00F936B3 /* Project object */;
}
